PODS:
  - Capacitor (6.0.0):
    - CapacitorCordova
  - CapacitorApp (6.0.0):
    - Capacitor
  - CapacitorCamera (6.0.0):
    - Capacitor
  - CapacitorCommunityFirebaseAnalytics (6.0.0):
    - Capacitor
    - FirebaseAnalytics
  - CapacitorCordova (6.0.0)
  - CapacitorFilesystem (6.0.0):
    - Capacitor
  - CapacitorFirebaseAnalytics (6.0.0):
    - Capacitor
    - CapacitorFirebaseAnalytics/Lite (= 6.0.0)
  - CapacitorFirebaseAnalytics/Lite (6.0.0):
    - Capacitor
  - CapacitorHaptics (6.0.0):
    - Capacitor
  - CapacitorKeyboard (6.0.0):
    - Capacitor
  - CapacitorPreferences (6.0.0):
    - Capacitor
  - CapacitorStatusBar (6.0.0):
    - Capacitor
  - FirebaseAnalytics (11.15.0):
    - FirebaseAnalytics/Default (= 11.15.0)
    - FirebaseCore (~> 11.15.0)
    - FirebaseInstallations (~> 11.0)
    - GoogleUtilities/AppDelegateSwizzler (~> 8.1)
    - GoogleUtilities/MethodSwizzler (~> 8.1)
    - GoogleUtilities/Network (~> 8.1)
    - "GoogleUtilities/NSData+zlib (~> 8.1)"
    - nanopb (~> 3.30910.0)
  - FirebaseAnalytics/Default (11.15.0):
    - FirebaseCore (~> 11.15.0)
    - FirebaseInstallations (~> 11.0)
    - GoogleAppMeasurement/Default (= 11.15.0)
    - GoogleUtilities/AppDelegateSwizzler (~> 8.1)
    - GoogleUtilities/MethodSwizzler (~> 8.1)
    - GoogleUtilities/Network (~> 8.1)
    - "GoogleUtilities/NSData+zlib (~> 8.1)"
    - nanopb (~> 3.30910.0)
  - FirebaseCore (11.15.0):
    - FirebaseCoreInternal (~> 11.15.0)
    - GoogleUtilities/Environment (~> 8.1)
    - GoogleUtilities/Logger (~> 8.1)
  - FirebaseCoreInternal (11.15.0):
    - "GoogleUtilities/NSData+zlib (~> 8.1)"
  - FirebaseInstallations (11.15.0):
    - FirebaseCore (~> 11.15.0)
    - GoogleUtilities/Environment (~> 8.1)
    - GoogleUtilities/UserDefaults (~> 8.1)
    - PromisesObjC (~> 2.4)
  - GoogleAdsOnDeviceConversion (2.1.0):
    - GoogleUtilities/Logger (~> 8.1)
    - GoogleUtilities/Network (~> 8.1)
    - nanopb (~> 3.30910.0)
  - GoogleAppMeasurement/Core (11.15.0):
    - GoogleUtilities/AppDelegateSwizzler (~> 8.1)
    - GoogleUtilities/MethodSwizzler (~> 8.1)
    - GoogleUtilities/Network (~> 8.1)
    - "GoogleUtilities/NSData+zlib (~> 8.1)"
    - nanopb (~> 3.30910.0)
  - GoogleAppMeasurement/Default (11.15.0):
    - GoogleAdsOnDeviceConversion (= 2.1.0)
    - GoogleAppMeasurement/Core (= 11.15.0)
    - GoogleAppMeasurement/IdentitySupport (= 11.15.0)
    - GoogleUtilities/AppDelegateSwizzler (~> 8.1)
    - GoogleUtilities/MethodSwizzler (~> 8.1)
    - GoogleUtilities/Network (~> 8.1)
    - "GoogleUtilities/NSData+zlib (~> 8.1)"
    - nanopb (~> 3.30910.0)
  - GoogleAppMeasurement/IdentitySupport (11.15.0):
    - GoogleAppMeasurement/Core (= 11.15.0)
    - GoogleUtilities/AppDelegateSwizzler (~> 8.1)
    - GoogleUtilities/MethodSwizzler (~> 8.1)
    - GoogleUtilities/Network (~> 8.1)
    - "GoogleUtilities/NSData+zlib (~> 8.1)"
    - nanopb (~> 3.30910.0)
  - GoogleUtilities/AppDelegateSwizzler (8.1.0):
    - GoogleUtilities/Environment
    - GoogleUtilities/Logger
    - GoogleUtilities/Network
    - GoogleUtilities/Privacy
  - GoogleUtilities/Environment (8.1.0):
    - GoogleUtilities/Privacy
  - GoogleUtilities/Logger (8.1.0):
    - GoogleUtilities/Environment
    - GoogleUtilities/Privacy
  - GoogleUtilities/MethodSwizzler (8.1.0):
    - GoogleUtilities/Logger
    - GoogleUtilities/Privacy
  - GoogleUtilities/Network (8.1.0):
    - GoogleUtilities/Logger
    - "GoogleUtilities/NSData+zlib"
    - GoogleUtilities/Privacy
    - GoogleUtilities/Reachability
  - "GoogleUtilities/NSData+zlib (8.1.0)":
    - GoogleUtilities/Privacy
  - GoogleUtilities/Privacy (8.1.0)
  - GoogleUtilities/Reachability (8.1.0):
    - GoogleUtilities/Logger
    - GoogleUtilities/Privacy
  - GoogleUtilities/UserDefaults (8.1.0):
    - GoogleUtilities/Logger
    - GoogleUtilities/Privacy
  - nanopb (3.30910.0):
    - nanopb/decode (= 3.30910.0)
    - nanopb/encode (= 3.30910.0)
  - nanopb/decode (3.30910.0)
  - nanopb/encode (3.30910.0)
  - PromisesObjC (2.4.0)

DEPENDENCIES:
  - "Capacitor (from `../../node_modules/@capacitor/ios`)"
  - "CapacitorApp (from `../../node_modules/@capacitor/app`)"
  - "CapacitorCamera (from `../../node_modules/@capacitor/camera`)"
  - "CapacitorCommunityFirebaseAnalytics (from `../../node_modules/@capacitor-community/firebase-analytics`)"
  - "CapacitorCordova (from `../../node_modules/@capacitor/ios`)"
  - "CapacitorFilesystem (from `../../node_modules/@capacitor/filesystem`)"
  - "CapacitorFirebaseAnalytics (from `../../node_modules/@capacitor-firebase/analytics`)"
  - "CapacitorHaptics (from `../../node_modules/@capacitor/haptics`)"
  - "CapacitorKeyboard (from `../../node_modules/@capacitor/keyboard`)"
  - "CapacitorPreferences (from `../../node_modules/@capacitor/preferences`)"
  - "CapacitorStatusBar (from `../../node_modules/@capacitor/status-bar`)"

SPEC REPOS:
  trunk:
    - FirebaseAnalytics
    - FirebaseCore
    - FirebaseCoreInternal
    - FirebaseInstallations
    - GoogleAdsOnDeviceConversion
    - GoogleAppMeasurement
    - GoogleUtilities
    - nanopb
    - PromisesObjC

EXTERNAL SOURCES:
  Capacitor:
    :path: "../../node_modules/@capacitor/ios"
  CapacitorApp:
    :path: "../../node_modules/@capacitor/app"
  CapacitorCamera:
    :path: "../../node_modules/@capacitor/camera"
  CapacitorCommunityFirebaseAnalytics:
    :path: "../../node_modules/@capacitor-community/firebase-analytics"
  CapacitorCordova:
    :path: "../../node_modules/@capacitor/ios"
  CapacitorFilesystem:
    :path: "../../node_modules/@capacitor/filesystem"
  CapacitorFirebaseAnalytics:
    :path: "../../node_modules/@capacitor-firebase/analytics"
  CapacitorHaptics:
    :path: "../../node_modules/@capacitor/haptics"
  CapacitorKeyboard:
    :path: "../../node_modules/@capacitor/keyboard"
  CapacitorPreferences:
    :path: "../../node_modules/@capacitor/preferences"
  CapacitorStatusBar:
    :path: "../../node_modules/@capacitor/status-bar"

SPEC CHECKSUMS:
  Capacitor: c527d208447590a004f0a4a2c42a5f361848fa8a
  CapacitorApp: 30145f2ea2311e4f3744472119ec87d2ddf4c0a7
  CapacitorCamera: de6cb68cccaa9e9dfaec96bd17ea998fabf8fdb2
  CapacitorCommunityFirebaseAnalytics: 4d041384ba78907803c9783dd6d65cb15a1e6f05
  CapacitorCordova: 8c4bfdf69368512e85b1d8b724dd7546abeb30af
  CapacitorFilesystem: 9c2cc1e89d3b8b91503b316e9f6c2915c9bf9419
  CapacitorFirebaseAnalytics: fdc20877af95d34a12035be740b3c82fc29f471d
  CapacitorHaptics: 0cea833e6a8bf489dd6acaaebf6d953b90086c59
  CapacitorKeyboard: dc97fe50dcfdcbe12af56c49bbed150077d08043
  CapacitorPreferences: b2634203fb3c3a380a8eb01c0e25e4a10a91e522
  CapacitorStatusBar: 129c68650d3f950e080e8e7e03d69c3b361dbe52
  FirebaseAnalytics: 6433dfd311ba78084fc93bdfc145e8cb75740eae
  FirebaseCore: efb3893e5b94f32b86e331e3bd6dadf18b66568e
  FirebaseCoreInternal: 9afa45b1159304c963da48addb78275ef701c6b4
  FirebaseInstallations: 317270fec08a5d418fdbc8429282238cab3ac843
  GoogleAdsOnDeviceConversion: 2be6297a4f048459e0ae17fad9bfd2844e10cf64
  GoogleAppMeasurement: 700dce7541804bec33db590a5c496b663fbe2539
  GoogleUtilities: 00c88b9a86066ef77f0da2fab05f65d7768ed8e1
  nanopb: fad817b59e0457d11a5dfbde799381cd727c1275
  PromisesObjC: f5707f49cb48b9636751c5b2e7d227e43fba9f47

PODFILE CHECKSUM: c59a078094329b748bf922d7b1c3a4d224c1164d

COCOAPODS: 1.16.2
